// !$*UTF8*$!
{
	archiveVersion = 1;
	classes = {
	};
	objectVersion = 56;
	objects = {

/* Begin PBXBuildFile section */
		BF0C5EF429B54E5700384DD5 /* IconPickerViewController.swift in Sources */ = {isa = PBXBuildFile; fileRef = BF0C5EF329B54E5700384DD5 /* IconPickerViewController.swift */; };
		BF4B239529AFC2DF009986CF /* DataModel.swift in Sources */ = {isa = PBXBuildFile; fileRef = BF4B239429AFC2DF009986CF /* DataModel.swift */; };
		BF8EF6312996FCDD00157FD6 /* AllListsViewController.swift in Sources */ = {isa = PBXBuildFile; fileRef = BF8EF6302996FCDD00157FD6 /* AllListsViewController.swift */; };
		BF8EF633299989BD00157FD6 /* Checklist.swift in Sources */ = {isa = PBXBuildFile; fileRef = BF8EF632299989BD00157FD6 /* Checklist.swift */; };
		BFBA780629AD4CBB00C7EDC9 /* ListDetailViewController.swift in Sources */ = {isa = PBXBuildFile; fileRef = BFBA780529AD4CBB00C7EDC9 /* ListDetailViewController.swift */; };
		BFC07C44297CAEFC00FF1E64 /* AppDelegate.swift in Sources */ = {isa = PBXBuildFile; fileRef = BFC07C43297CAEFC00FF1E64 /* AppDelegate.swift */; };
		BFC07C46297CAEFC00FF1E64 /* SceneDelegate.swift in Sources */ = {isa = PBXBuildFile; fileRef = BFC07C45297CAEFC00FF1E64 /* SceneDelegate.swift */; };
		BFC07C48297CAEFC00FF1E64 /* ChecklistViewController.swift in Sources */ = {isa = PBXBuildFile; fileRef = BFC07C47297CAEFC00FF1E64 /* ChecklistViewController.swift */; };
		BFC07C4B297CAEFC00FF1E64 /* Main.storyboard in Resources */ = {isa = PBXBuildFile; fileRef = BFC07C49297CAEFC00FF1E64 /* Main.storyboard */; };
		BFC07C4D297CAEFE00FF1E64 /* Assets.xcassets in Resources */ = {isa = PBXBuildFile; fileRef = BFC07C4C297CAEFE00FF1E64 /* Assets.xcassets */; };
		BFC07C58297FFB4400FF1E64 /* ChecklistItem.swift in Sources */ = {isa = PBXBuildFile; fileRef = BFC07C57297FFB4400FF1E64 /* ChecklistItem.swift */; };
		BFC07C5A2981833D00FF1E64 /* ItemDetailViewController.swift in Sources */ = {isa = PBXBuildFile; fileRef = BFC07C592981833D00FF1E64 /* ItemDetailViewController.swift */; };
/* End PBXBuildFile section */

/* Begin PBXFileReference section */
		BF0C5EF329B54E5700384DD5 /* IconPickerViewController.swift */ = {isa = PBXFileReference; lastKnownFileType = sourcecode.swift; path = IconPickerViewController.swift; sourceTree = "<group>"; };
		BF4B239429AFC2DF009986CF /* DataModel.swift */ = {isa = PBXFileReference; lastKnownFileType = sourcecode.swift; path = DataModel.swift; sourceTree = "<group>"; };
		BF8EF6302996FCDD00157FD6 /* AllListsViewController.swift */ = {isa = PBXFileReference; lastKnownFileType = sourcecode.swift; path = AllListsViewController.swift; sourceTree = "<group>"; };
		BF8EF632299989BD00157FD6 /* Checklist.swift */ = {isa = PBXFileReference; lastKnownFileType = sourcecode.swift; path = Checklist.swift; sourceTree = "<group>"; };
		BFBA780529AD4CBB00C7EDC9 /* ListDetailViewController.swift */ = {isa = PBXFileReference; lastKnownFileType = sourcecode.swift; path = ListDetailViewController.swift; sourceTree = "<group>"; };
		BFC07C40297CAEFC00FF1E64 /* CHECKLISTS.app */ = {isa = PBXFileReference; explicitFileType = wrapper.application; includeInIndex = 0; path = CHECKLISTS.app; sourceTree = BUILT_PRODUCTS_DIR; };
		BFC07C43297CAEFC00FF1E64 /* AppDelegate.swift */ = {isa = PBXFileReference; lastKnownFileType = sourcecode.swift; path = AppDelegate.swift; sourceTree = "<group>"; };
		BFC07C45297CAEFC00FF1E64 /* SceneDelegate.swift */ = {isa = PBXFileReference; lastKnownFileType = sourcecode.swift; path = SceneDelegate.swift; sourceTree = "<group>"; };
		BFC07C47297CAEFC00FF1E64 /* ChecklistViewController.swift */ = {isa = PBXFileReference; lastKnownFileType = sourcecode.swift; path = ChecklistViewController.swift; sourceTree = "<group>"; };
		BFC07C4A297CAEFC00FF1E64 /* Base */ = {isa = PBXFileReference; lastKnownFileType = file.storyboard; name = Base; path = Base.lproj/Main.storyboard; sourceTree = "<group>"; };
		BFC07C4C297CAEFE00FF1E64 /* Assets.xcassets */ = {isa = PBXFileReference; lastKnownFileType = folder.assetcatalog; path = Assets.xcassets; sourceTree = "<group>"; };
		BFC07C51297CAEFE00FF1E64 /* Info.plist */ = {isa = PBXFileReference; lastKnownFileType = text.plist.xml; path = Info.plist; sourceTree = "<group>"; };
		BFC07C57297FFB4400FF1E64 /* ChecklistItem.swift */ = {isa = PBXFileReference; lastKnownFileType = sourcecode.swift; path = ChecklistItem.swift; sourceTree = "<group>"; };
		BFC07C592981833D00FF1E64 /* ItemDetailViewController.swift */ = {isa = PBXFileReference; lastKnownFileType = sourcecode.swift; path = ItemDetailViewController.swift; sourceTree = "<group>"; };
/* End PBXFileReference section */

/* Begin PBXFrameworksBuildPhase section */
		BFC07C3D297CAEFC00FF1E64 /* Frameworks */ = {
			isa = PBXFrameworksBuildPhase;
			buildActionMask = 2147483647;
			files = (
			);
			runOnlyForDeploymentPostprocessing = 0;
		};
/* End PBXFrameworksBuildPhase section */

/* Begin PBXGroup section */
		BF4B23BA29B3EFE0009986CF /* Data Models */ = {
			isa = PBXGroup;
			children = (
				BF8EF632299989BD00157FD6 /* Checklist.swift */,
				BFC07C57297FFB4400FF1E64 /* ChecklistItem.swift */,
				BF4B239429AFC2DF009986CF /* DataModel.swift */,
			);
			path = "Data Models";
			sourceTree = "<group>";
		};
		BF4B23BB29B3EFFF009986CF /* View Controllers */ = {
			isa = PBXGroup;
			children = (
				BF8EF6302996FCDD00157FD6 /* AllListsViewController.swift */,
				BFC07C47297CAEFC00FF1E64 /* ChecklistViewController.swift */,
				BFC07C592981833D00FF1E64 /* ItemDetailViewController.swift */,
				BFBA780529AD4CBB00C7EDC9 /* ListDetailViewController.swift */,
				BF0C5EF329B54E5700384DD5 /* IconPickerViewController.swift */,
			);
			path = "View Controllers";
			sourceTree = "<group>";
		};
		BF4B23BC29B3F03F009986CF /* Resources */ = {
			isa = PBXGroup;
			children = (
				BFC07C4C297CAEFE00FF1E64 /* Assets.xcassets */,
				BFC07C49297CAEFC00FF1E64 /* Main.storyboard */,
			);
			path = Resources;
			sourceTree = "<group>";
		};
		BFC07C37297CAEFC00FF1E64 = {
			isa = PBXGroup;
			children = (
				BFC07C42297CAEFC00FF1E64 /* CHECKLISTS */,
				BFC07C41297CAEFC00FF1E64 /* Products */,
			);
			sourceTree = "<group>";
		};
		BFC07C41297CAEFC00FF1E64 /* Products */ = {
			isa = PBXGroup;
			children = (
				BFC07C40297CAEFC00FF1E64 /* CHECKLISTS.app */,
			);
			name = Products;
			sourceTree = "<group>";
		};
		BFC07C42297CAEFC00FF1E64 /* CHECKLISTS */ = {
			isa = PBXGroup;
			children = (
				BF4B23BA29B3EFE0009986CF /* Data Models */,
				BF4B23BB29B3EFFF009986CF /* View Controllers */,
				BF4B23BC29B3F03F009986CF /* Resources */,
				BFC07C43297CAEFC00FF1E64 /* AppDelegate.swift */,
				BFC07C51297CAEFE00FF1E64 /* Info.plist */,
				BFC07C45297CAEFC00FF1E64 /* SceneDelegate.swift */,
			);
			path = CHECKLISTS;
			sourceTree = "<group>";
		};
/* End PBXGroup section */

/* Begin PBXNativeTarget section */
		BFC07C3F297CAEFC00FF1E64 /* CHECKLISTS */ = {
			isa = PBXNativeTarget;
			buildConfigurationList = BFC07C54297CAEFE00FF1E64 /* Build configuration list for PBXNativeTarget "CHECKLISTS" */;
			buildPhases = (
				BFC07C3C297CAEFC00FF1E64 /* Sources */,
				BFC07C3D297CAEFC00FF1E64 /* Frameworks */,
				BFC07C3E297CAEFC00FF1E64 /* Resources */,
			);
			buildRules = (
			);
			dependencies = (
			);
			name = CHECKLISTS;
			productName = CHECKLISTS;
			productReference = BFC07C40297CAEFC00FF1E64 /* CHECKLISTS.app */;
			productType = "com.apple.product-type.application";
		};
/* End PBXNativeTarget section */

/* Begin PBXProject section */
		BFC07C38297CAEFC00FF1E64 /* Project object */ = {
			isa = PBXProject;
			attributes = {
				BuildIndependentTargetsInParallel = 1;
				LastSwiftUpdateCheck = 1420;
				LastUpgradeCheck = 1420;
				TargetAttributes = {
					BFC07C3F297CAEFC00FF1E64 = {
						CreatedOnToolsVersion = 14.2;
					};
				};
			};
			buildConfigurationList = BFC07C3B297CAEFC00FF1E64 /* Build configuration list for PBXProject "CHECKLISTS" */;
			compatibilityVersion = "Xcode 14.0";
			developmentRegion = en;
			hasScannedForEncodings = 0;
			knownRegions = (
				en,
				Base,
			);
			mainGroup = BFC07C37297CAEFC00FF1E64;
			productRefGroup = BFC07C41297CAEFC00FF1E64 /* Products */;
			projectDirPath = "";
			projectRoot = "";
			targets = (
				BFC07C3F297CAEFC00FF1E64 /* CHECKLISTS */,
			);
		};
/* End PBXProject section */

/* Begin PBXResourcesBuildPhase section */
		BFC07C3E297CAEFC00FF1E64 /* Resources */ = {
			isa = PBXResourcesBuildPhase;
			buildActionMask = 2147483647;
			files = (
				BFC07C4D297CAEFE00FF1E64 /* Assets.xcassets in Resources */,
				BFC07C4B297CAEFC00FF1E64 /* Main.storyboard in Resources */,
			);
			runOnlyForDeploymentPostprocessing = 0;
		};
/* End PBXResourcesBuildPhase section */

/* Begin PBXSourcesBuildPhase section */
		BFC07C3C297CAEFC00FF1E64 /* Sources */ = {
			isa = PBXSourcesBuildPhase;
			buildActionMask = 2147483647;
			files = (
				BFC07C5A2981833D00FF1E64 /* ItemDetailViewController.swift in Sources */,
				BFC07C48297CAEFC00FF1E64 /* ChecklistViewController.swift in Sources */,
				BF8EF6312996FCDD00157FD6 /* AllListsViewController.swift in Sources */,
				BF0C5EF429B54E5700384DD5 /* IconPickerViewController.swift in Sources */,
				BFC07C44297CAEFC00FF1E64 /* AppDelegate.swift in Sources */,
				BFC07C46297CAEFC00FF1E64 /* SceneDelegate.swift in Sources */,
				BFC07C58297FFB4400FF1E64 /* ChecklistItem.swift in Sources */,
				BF8EF633299989BD00157FD6 /* Checklist.swift in Sources */,
				BFBA780629AD4CBB00C7EDC9 /* ListDetailViewController.swift in Sources */,
				BF4B239529AFC2DF009986CF /* DataModel.swift in Sources */,
			);
			runOnlyForDeploymentPostprocessing = 0;
		};
/* End PBXSourcesBuildPhase section */

/* Begin PBXVariantGroup section */
		BFC07C49297CAEFC00FF1E64 /* Main.storyboard */ = {
			isa = PBXVariantGroup;
			children = (
				BFC07C4A297CAEFC00FF1E64 /* Base */,
			);
			name = Main.storyboard;
			sourceTree = "<group>";
		};
/* End PBXVariantGroup section */

/* Begin XCBuildConfiguration section */
		BFC07C52297CAEFE00FF1E64 /* Debug */ = {
			isa = XCBuildConfiguration;
			buildSettings = {
				ALWAYS_SEARCH_USER_PATHS = NO;
				CLANG_ANALYZER_NONNULL = YES;
				CLANG_ANALYZER_NUMBER_OBJECT_CONVERSION = YES_AGGRESSIVE;
				CLANG_CXX_LANGUAGE_STANDARD = "gnu++20";
				CLANG_ENABLE_MODULES = YES;
				CLANG_ENABLE_OBJC_ARC = YES;
				CLANG_ENABLE_OBJC_WEAK = YES;
				CLANG_WARN_BLOCK_CAPTURE_AUTORELEASING = YES;
				CLANG_WARN_BOOL_CONVERSION = YES;
				CLANG_WARN_COMMA = YES;
				CLANG_WARN_CONSTANT_CONVERSION = YES;
				CLANG_WARN_DEPRECATED_OBJC_IMPLEMENTATIONS = YES;
				CLANG_WARN_DIRECT_OBJC_ISA_USAGE = YES_ERROR;
				CLANG_WARN_DOCUMENTATION_COMMENTS = YES;
				CLANG_WARN_EMPTY_BODY = YES;
				CLANG_WARN_ENUM_CONVERSION = YES;
				CLANG_WARN_INFINITE_RECURSION = YES;
				CLANG_WARN_INT_CONVERSION = YES;
				CLANG_WARN_NON_LITERAL_NULL_CONVERSION = YES;
				CLANG_WARN_OBJC_IMPLICIT_RETAIN_SELF = YES;
				CLANG_WARN_OBJC_LITERAL_CONVERSION = YES;
				CLANG_WARN_OBJC_ROOT_CLASS = YES_ERROR;
				CLANG_WARN_QUOTED_INCLUDE_IN_FRAMEWORK_HEADER = YES;
				CLANG_WARN_RANGE_LOOP_ANALYSIS = YES;
				CLANG_WARN_STRICT_PROTOTYPES = YES;
				CLANG_WARN_SUSPICIOUS_MOVE = YES;
				CLANG_WARN_UNGUARDED_AVAILABILITY = YES_AGGRESSIVE;
				CLANG_WARN_UNREACHABLE_CODE = YES;
				CLANG_WARN__DUPLICATE_METHOD_MATCH = YES;
				COPY_PHASE_STRIP = NO;
				DEBUG_INFORMATION_FORMAT = dwarf;
				ENABLE_STRICT_OBJC_MSGSEND = YES;
				ENABLE_TESTABILITY = YES;
				GCC_C_LANGUAGE_STANDARD = gnu11;
				GCC_DYNAMIC_NO_PIC = NO;
				GCC_NO_COMMON_BLOCKS = YES;
				GCC_OPTIMIZATION_LEVEL = 0;
				GCC_PREPROCESSOR_DEFINITIONS = (
					"DEBUG=1",
					"$(inherited)",
				);
				GCC_WARN_64_TO_32_BIT_CONVERSION = YES;
				GCC_WARN_ABOUT_RETURN_TYPE = YES_ERROR;
				GCC_WARN_UNDECLARED_SELECTOR = YES;
				GCC_WARN_UNINITIALIZED_AUTOS = YES_AGGRESSIVE;
				GCC_WARN_UNUSED_FUNCTION = YES;
				GCC_WARN_UNUSED_VARIABLE = YES;
				IPHONEOS_DEPLOYMENT_TARGET = 16.2;
				MTL_ENABLE_DEBUG_INFO = INCLUDE_SOURCE;
				MTL_FAST_MATH = YES;
				ONLY_ACTIVE_ARCH = YES;
				SDKROOT = iphoneos;
				SWIFT_ACTIVE_COMPILATION_CONDITIONS = DEBUG;
				SWIFT_OPTIMIZATION_LEVEL = "-Onone";
			};
			name = Debug;
		};
		BFC07C53297CAEFE00FF1E64 /* Release */ = {
			isa = XCBuildConfiguration;
			buildSettings = {
				ALWAYS_SEARCH_USER_PATHS = NO;
				CLANG_ANALYZER_NONNULL = YES;
				CLANG_ANALYZER_NUMBER_OBJECT_CONVERSION = YES_AGGRESSIVE;
				CLANG_CXX_LANGUAGE_STANDARD = "gnu++20";
				CLANG_ENABLE_MODULES = YES;
				CLANG_ENABLE_OBJC_ARC = YES;
				CLANG_ENABLE_OBJC_WEAK = YES;
				CLANG_WARN_BLOCK_CAPTURE_AUTORELEASING = YES;
				CLANG_WARN_BOOL_CONVERSION = YES;
				CLANG_WARN_COMMA = YES;
				CLANG_WARN_CONSTANT_CONVERSION = YES;
				CLANG_WARN_DEPRECATED_OBJC_IMPLEMENTATIONS = YES;
				CLANG_WARN_DIRECT_OBJC_ISA_USAGE = YES_ERROR;
				CLANG_WARN_DOCUMENTATION_COMMENTS = YES;
				CLANG_WARN_EMPTY_BODY = YES;
				CLANG_WARN_ENUM_CONVERSION = YES;
				CLANG_WARN_INFINITE_RECURSION = YES;
				CLANG_WARN_INT_CONVERSION = YES;
				CLANG_WARN_NON_LITERAL_NULL_CONVERSION = YES;
				CLANG_WARN_OBJC_IMPLICIT_RETAIN_SELF = YES;
				CLANG_WARN_OBJC_LITERAL_CONVERSION = YES;
				CLANG_WARN_OBJC_ROOT_CLASS = YES_ERROR;
				CLANG_WARN_QUOTED_INCLUDE_IN_FRAMEWORK_HEADER = YES;
				CLANG_WARN_RANGE_LOOP_ANALYSIS = YES;
				CLANG_WARN_STRICT_PROTOTYPES = YES;
				CLANG_WARN_SUSPICIOUS_MOVE = YES;
				CLANG_WARN_UNGUARDED_AVAILABILITY = YES_AGGRESSIVE;
				CLANG_WARN_UNREACHABLE_CODE = YES;
				CLANG_WARN__DUPLICATE_METHOD_MATCH = YES;
				COPY_PHASE_STRIP = NO;
				DEBUG_INFORMATION_FORMAT = "dwarf-with-dsym";
				ENABLE_NS_ASSERTIONS = NO;
				ENABLE_STRICT_OBJC_MSGSEND = YES;
				GCC_C_LANGUAGE_STANDARD = gnu11;
				GCC_NO_COMMON_BLOCKS = YES;
				GCC_WARN_64_TO_32_BIT_CONVERSION = YES;
				GCC_WARN_ABOUT_RETURN_TYPE = YES_ERROR;
				GCC_WARN_UNDECLARED_SELECTOR = YES;
				GCC_WARN_UNINITIALIZED_AUTOS = YES_AGGRESSIVE;
				GCC_WARN_UNUSED_FUNCTION = YES;
				GCC_WARN_UNUSED_VARIABLE = YES;
				IPHONEOS_DEPLOYMENT_TARGET = 16.2;
				MTL_ENABLE_DEBUG_INFO = NO;
				MTL_FAST_MATH = YES;
				SDKROOT = iphoneos;
				SWIFT_COMPILATION_MODE = wholemodule;
				SWIFT_OPTIMIZATION_LEVEL = "-O";
				VALIDATE_PRODUCT = YES;
			};
			name = Release;
		};
		BFC07C55297CAEFE00FF1E64 /* Debug */ = {
			isa = XCBuildConfiguration;
			buildSettings = {
				ASSETCATALOG_COMPILER_APPICON_NAME = AppIcon;
				ASSETCATALOG_COMPILER_GLOBAL_ACCENT_COLOR_NAME = AccentColor;
				ASSETCATALOG_COMPILER_INCLUDE_ALL_APPICON_ASSETS = NO;
				CODE_SIGN_STYLE = Automatic;
				CURRENT_PROJECT_VERSION = 1;
				DEVELOPMENT_TEAM = S7S26ARTN6;
				GENERATE_INFOPLIST_FILE = YES;
				INFOPLIST_FILE = CHECKLISTS/Info.plist;
				INFOPLIST_KEY_UIApplicationSupportsIndirectInputEvents = YES;
				INFOPLIST_KEY_UIMainStoryboardFile = Main;
				INFOPLIST_KEY_UISupportedInterfaceOrientations = UIInterfaceOrientationPortrait;
				INFOPLIST_KEY_UISupportedInterfaceOrientations_iPad = "UIInterfaceOrientationLandscapeLeft UIInterfaceOrientationLandscapeRight UIInterfaceOrientationPortrait UIInterfaceOrientationPortraitUpsideDown";
				LD_RUNPATH_SEARCH_PATHS = (
					"$(inherited)",
					"@executable_path/Frameworks",
				);
				MARKETING_VERSION = 1.0;
				PRODUCT_BUNDLE_IDENTIFIER = com.aishanurgaliyeva.CHECKLISTS;
				PRODUCT_NAME = "$(TARGET_NAME)";
				SWIFT_EMIT_LOC_STRINGS = YES;
				SWIFT_VERSION = 5.0;
				TARGETED_DEVICE_FAMILY = "1,2";
			};
			name = Debug;
		};
		BFC07C56297CAEFE00FF1E64 /* Release */ = {
			isa = XCBuildConfiguration;
			buildSettings = {
				ASSETCATALOG_COMPILER_APPICON_NAME = AppIcon;
				ASSETCATALOG_COMPILER_GLOBAL_ACCENT_COLOR_NAME = AccentColor;
				ASSETCATALOG_COMPILER_INCLUDE_ALL_APPICON_ASSETS = NO;
				CODE_SIGN_STYLE = Automatic;
				CURRENT_PROJECT_VERSION = 1;
				DEVELOPMENT_TEAM = S7S26ARTN6;
				GENERATE_INFOPLIST_FILE = YES;
				INFOPLIST_FILE = CHECKLISTS/Info.plist;
				INFOPLIST_KEY_UIApplicationSupportsIndirectInputEvents = YES;
				INFOPLIST_KEY_UIMainStoryboardFile = Main;
				INFOPLIST_KEY_UISupportedInterfaceOrientations = UIInterfaceOrientationPortrait;
				INFOPLIST_KEY_UISupportedInterfaceOrientations_iPad = "UIInterfaceOrientationLandscapeLeft UIInterfaceOrientationLandscapeRight UIInterfaceOrientationPortrait UIInterfaceOrientationPortraitUpsideDown";
				LD_RUNPATH_SEARCH_PATHS = (
					"$(inherited)",
					"@executable_path/Frameworks",
				);
				MARKETING_VERSION = 1.0;
				PRODUCT_BUNDLE_IDENTIFIER = com.aishanurgaliyeva.CHECKLISTS;
				PRODUCT_NAME = "$(TARGET_NAME)";
				SWIFT_EMIT_LOC_STRINGS = YES;
				SWIFT_VERSION = 5.0;
				TARGETED_DEVICE_FAMILY = "1,2";
			};
			name = Release;
		};
/* End XCBuildConfiguration section */

/* Begin XCConfigurationList section */
		BFC07C3B297CAEFC00FF1E64 /* Build configuration list for PBXProject "CHECKLISTS" */ = {
			isa = XCConfigurationList;
			buildConfigurations = (
				BFC07C52297CAEFE00FF1E64 /* Debug */,
				BFC07C53297CAEFE00FF1E64 /* Release */,
			);
			defaultConfigurationIsVisible = 0;
			defaultConfigurationName = Release;
		};
		BFC07C54297CAEFE00FF1E64 /* Build configuration list for PBXNativeTarget "CHECKLISTS" */ = {
			isa = XCConfigurationList;
			buildConfigurations = (
				BFC07C55297CAEFE00FF1E64 /* Debug */,
				BFC07C56297CAEFE00FF1E64 /* Release */,
			);
			defaultConfigurationIsVisible = 0;
			defaultConfigurationName = Release;
		};
/* End XCConfigurationList section */
	};
	rootObject = BFC07C38297CAEFC00FF1E64 /* Project object */;
}
